
Microsoft Visual Studio Solution File, Format Version 12.00
# Visual Studio Version 16
VisualStudioVersion = 16.0.30503.244
MinimumVisualStudioVersion = 10.0.40219.1
Project("{FAE04EC0-301F-11D3-BF4B-00C04F79EFBC}") = "CurlMini", "CurlMini.csproj", "{A83CAAA5-6D84-407B-AF72-94C5345C681D}"
EndProject
Global
	GlobalSection(SolutionConfigurationPlatforms) = preSolution
		Debug|Any CPU = Debug|Any CPU
		Release|Any CPU = Release|Any CPU
	EndGlobalSection
	GlobalSection(ProjectConfigurationPlatforms) = postSolution
		{A83CAAA5-6D84-407B-AF72-94C5345C681D}.Debug|Any CPU.ActiveCfg = Debug|Any CPU
		{A83CAAA5-6D84-407B-AF72-94C5345C681D}.Debug|Any CPU.Build.0 = Debug|Any CPU
		{A83CAAA5-6D84-407B-AF72-94C5345C681D}.Release|Any CPU.ActiveCfg = Release|Any CPU
		{A83CAAA5-6D84-407B-AF72-94C5345C681D}.Release|Any CPU.Build.0 = Release|Any CPU
	EndGlobalSection
	GlobalSection(SolutionProperties) = preSolution
		HideSolutionNode = FALSE
	EndGlobalSection
	GlobalSection(ExtensibilityGlobals) = postSolution
		SolutionGuid = {FE7125DE-3678-4327-8D9C-A8D220650D03}
	EndGlobalSection
EndGlobal
